
Microsoft Visual Studio Solution File, Format Version 12.00
# Visual Studio Version 17
VisualStudioVersion = 17.3.32922.545
MinimumVisualStudioVersion = 10.0.40219.1
Project("{FAE04EC0-301F-11D3-BF4B-00C04F79EFBC}") = "Mesesan_Stefan_Lab1", "Mesesan_Stefan_Lab1\Mesesan_Stefan_Lab1.csproj", "{CC1528CA-AD37-4D58-8DB3-B5E783020EE0}"
EndProject
Global
	GlobalSection(SolutionConfigurationPlatforms) = preSolution
		Debug|Any CPU = Debug|Any CPU
		Release|Any CPU = Release|Any CPU
	EndGlobalSection
	GlobalSection(ProjectConfigurationPlatforms) = postSolution
		{CC1528CA-AD37-4D58-8DB3-B5E783020EE0}.Debug|Any CPU.ActiveCfg = Debug|Any CPU
		{CC1528CA-AD37-4D58-8DB3-B5E783020EE0}.Debug|Any CPU.Build.0 = Debug|Any CPU
		{CC1528CA-AD37-4D58-8DB3-B5E783020EE0}.Release|Any CPU.ActiveCfg = Release|Any CPU
		{CC1528CA-AD37-4D58-8DB3-B5E783020EE0}.Release|Any CPU.Build.0 = Release|Any CPU
	EndGlobalSection
	GlobalSection(SolutionProperties) = preSolution
		HideSolutionNode = FALSE
	EndGlobalSection
	GlobalSection(ExtensibilityGlobals) = postSolution
		SolutionGuid = {56EC86B6-05E0-4A3B-99AD-E66ABFB1A8A4}
	EndGlobalSection
EndGlobal
